// !$*UTF8*$!
{
	archiveVersion = 1;
	classes = {
	};
	objectVersion = 50;
	objects = {

/* Begin PBXBuildFile section */
		57BEDFE2236A081B00D42F97 /* AppDelegate.swift in Sources */ = {isa = PBXBuildFile; fileRef = 57BEDFE1236A081B00D42F97 /* AppDelegate.swift */; };
		57BEDFE4236A081B00D42F97 /* SceneDelegate.swift in Sources */ = {isa = PBXBuildFile; fileRef = 57BEDFE3236A081B00D42F97 /* SceneDelegate.swift */; };
		57BEDFE6236A081B00D42F97 /* ContentView.swift in Sources */ = {isa = PBXBuildFile; fileRef = 57BEDFE5236A081B00D42F97 /* ContentView.swift */; };
		57BEDFE8236A081D00D42F97 /* Assets.xcassets in Resources */ = {isa = PBXBuildFile; fileRef = 57BEDFE7236A081D00D42F97 /* Assets.xcassets */; };
		57BEDFEB236A081D00D42F97 /* Preview Assets.xcassets in Resources */ = {isa = PBXBuildFile; fileRef = 57BEDFEA236A081D00D42F97 /* Preview Assets.xcassets */; };
		57BEDFEE236A081D00D42F97 /* LaunchScreen.storyboard in Resources */ = {isa = PBXBuildFile; fileRef = 57BEDFEC236A081D00D42F97 /* LaunchScreen.storyboard */; };
		57BEDFF6236A086D00D42F97 /* ExpenseItem.swift in Sources */ = {isa = PBXBuildFile; fileRef = 57BEDFF5236A086D00D42F97 /* ExpenseItem.swift */; };
		57C3CB7F236A0D01007E1B9A /* AddView.swift in Sources */ = {isa = PBXBuildFile; fileRef = 57C3CB7E236A0D01007E1B9A /* AddView.swift */; };
		57C3CB80236A0EC6007E1B9A /* Expenses.swift in Sources */ = {isa = PBXBuildFile; fileRef = 57BEDFF7236A088E00D42F97 /* Expenses.swift */; };
/* End PBXBuildFile section */

/* Begin PBXFileReference section */
		57BEDFDE236A081B00D42F97 /* Expenses.app */ = {isa = PBXFileReference; explicitFileType = wrapper.application; includeInIndex = 0; path = Expenses.app; sourceTree = BUILT_PRODUCTS_DIR; };
		57BEDFE1236A081B00D42F97 /* AppDelegate.swift */ = {isa = PBXFileReference; lastKnownFileType = sourcecode.swift; path = AppDelegate.swift; sourceTree = "<group>"; };
		57BEDFE3236A081B00D42F97 /* SceneDelegate.swift */ = {isa = PBXFileReference; lastKnownFileType = sourcecode.swift; path = SceneDelegate.swift; sourceTree = "<group>"; };
		57BEDFE5236A081B00D42F97 /* ContentView.swift */ = {isa = PBXFileReference; lastKnownFileType = sourcecode.swift; path = ContentView.swift; sourceTree = "<group>"; };
		57BEDFE7236A081D00D42F97 /* Assets.xcassets */ = {isa = PBXFileReference; lastKnownFileType = folder.assetcatalog; path = Assets.xcassets; sourceTree = "<group>"; };
		57BEDFEA236A081D00D42F97 /* Preview Assets.xcassets */ = {isa = PBXFileReference; lastKnownFileType = folder.assetcatalog; path = "Preview Assets.xcassets"; sourceTree = "<group>"; };
		57BEDFED236A081D00D42F97 /* Base */ = {isa = PBXFileReference; lastKnownFileType = file.storyboard; name = Base; path = Base.lproj/LaunchScreen.storyboard; sourceTree = "<group>"; };
		57BEDFEF236A081D00D42F97 /* Info.plist */ = {isa = PBXFileReference; lastKnownFileType = text.plist.xml; path = Info.plist; sourceTree = "<group>"; };
		57BEDFF5236A086D00D42F97 /* ExpenseItem.swift */ = {isa = PBXFileReference; lastKnownFileType = sourcecode.swift; path = ExpenseItem.swift; sourceTree = "<group>"; };
		57BEDFF7236A088E00D42F97 /* Expenses.swift */ = {isa = PBXFileReference; lastKnownFileType = sourcecode.swift; path = Expenses.swift; sourceTree = "<group>"; };
		57C3CB7E236A0D01007E1B9A /* AddView.swift */ = {isa = PBXFileReference; lastKnownFileType = sourcecode.swift; path = AddView.swift; sourceTree = "<group>"; };
/* End PBXFileReference section */

/* Begin PBXFrameworksBuildPhase section */
		57BEDFDB236A081B00D42F97 /* Frameworks */ = {
			isa = PBXFrameworksBuildPhase;
			buildActionMask = 2147483647;
			files = (
			);
			runOnlyForDeploymentPostprocessing = 0;
		};
/* End PBXFrameworksBuildPhase section */

/* Begin PBXGroup section */
		57BEDFD5236A081B00D42F97 = {
			isa = PBXGroup;
			children = (
				57BEDFE0236A081B00D42F97 /* Expenses */,
				57BEDFDF236A081B00D42F97 /* Products */,
			);
			sourceTree = "<group>";
		};
		57BEDFDF236A081B00D42F97 /* Products */ = {
			isa = PBXGroup;
			children = (
				57BEDFDE236A081B00D42F97 /* Expenses.app */,
			);
			name = Products;
			sourceTree = "<group>";
		};
		57BEDFE0236A081B00D42F97 /* Expenses */ = {
			isa = PBXGroup;
			children = (
				57C3CB7E236A0D01007E1B9A /* AddView.swift */,
				57BEDFF5236A086D00D42F97 /* ExpenseItem.swift */,
				57BEDFF7236A088E00D42F97 /* Expenses.swift */,
				57BEDFE1236A081B00D42F97 /* AppDelegate.swift */,
				57BEDFE3236A081B00D42F97 /* SceneDelegate.swift */,
				57BEDFE5236A081B00D42F97 /* ContentView.swift */,
				57BEDFE7236A081D00D42F97 /* Assets.xcassets */,
				57BEDFEC236A081D00D42F97 /* LaunchScreen.storyboard */,
				57BEDFEF236A081D00D42F97 /* Info.plist */,
				57BEDFE9236A081D00D42F97 /* Preview Content */,
			);
			path = Expenses;
			sourceTree = "<group>";
		};
		57BEDFE9236A081D00D42F97 /* Preview Content */ = {
			isa = PBXGroup;
			children = (
				57BEDFEA236A081D00D42F97 /* Preview Assets.xcassets */,
			);
			path = "Preview Content";
			sourceTree = "<group>";
		};
/* End PBXGroup section */

/* Begin PBXNativeTarget section */
		57BEDFDD236A081B00D42F97 /* Expenses */ = {
			isa = PBXNativeTarget;
			buildConfigurationList = 57BEDFF2236A081D00D42F97 /* Build configuration list for PBXNativeTarget "Expenses" */;
			buildPhases = (
				57BEDFDA236A081B00D42F97 /* Sources */,
				57BEDFDB236A081B00D42F97 /* Frameworks */,
				57BEDFDC236A081B00D42F97 /* Resources */,
			);
			buildRules = (
			);
			dependencies = (
			);
			name = Expenses;
			productName = Expenses;
			productReference = 57BEDFDE236A081B00D42F97 /* Expenses.app */;
			productType = "com.apple.product-type.application";
		};
/* End PBXNativeTarget section */

/* Begin PBXProject section */
		57BEDFD6236A081B00D42F97 /* Project object */ = {
			isa = PBXProject;
			attributes = {
				LastSwiftUpdateCheck = 1110;
				LastUpgradeCheck = 1110;
				ORGANIZATIONNAME = "Zachary Frew";
				TargetAttributes = {
					57BEDFDD236A081B00D42F97 = {
						CreatedOnToolsVersion = 11.1;
					};
				};
			};
			buildConfigurationList = 57BEDFD9236A081B00D42F97 /* Build configuration list for PBXProject "Expenses" */;
			compatibilityVersion = "Xcode 9.3";
			developmentRegion = en;
			hasScannedForEncodings = 0;
			knownRegions = (
				en,
				Base,
			);
			mainGroup = 57BEDFD5236A081B00D42F97;
			productRefGroup = 57BEDFDF236A081B00D42F97 /* Products */;
			projectDirPath = "";
			projectRoot = "";
			targets = (
				57BEDFDD236A081B00D42F97 /* Expenses */,
			);
		};
/* End PBXProject section */

/* Begin PBXResourcesBuildPhase section */
		57BEDFDC236A081B00D42F97 /* Resources */ = {
			isa = PBXResourcesBuildPhase;
			buildActionMask = 2147483647;
			files = (
				57BEDFEE236A081D00D42F97 /* LaunchScreen.storyboard in Resources */,
				57BEDFEB236A081D00D42F97 /* Preview Assets.xcassets in Resources */,
				57BEDFE8236A081D00D42F97 /* Assets.xcassets in Resources */,
			);
			runOnlyForDeploymentPostprocessing = 0;
		};
/* End PBXResourcesBuildPhase section */

/* Begin PBXSourcesBuildPhase section */
		57BEDFDA236A081B00D42F97 /* Sources */ = {
			isa = PBXSourcesBuildPhase;
			buildActionMask = 2147483647;
			files = (
				57C3CB80236A0EC6007E1B9A /* Expenses.swift in Sources */,
				57BEDFE2236A081B00D42F97 /* AppDelegate.swift in Sources */,
				57C3CB7F236A0D01007E1B9A /* AddView.swift in Sources */,
				57BEDFE4236A081B00D42F97 /* SceneDelegate.swift in Sources */,
				57BEDFE6236A081B00D42F97 /* ContentView.swift in Sources */,
				57BEDFF6236A086D00D42F97 /* ExpenseItem.swift in Sources */,
			);
			runOnlyForDeploymentPostprocessing = 0;
		};
/* End PBXSourcesBuildPhase section */

/* Begin PBXVariantGroup section */
		57BEDFEC236A081D00D42F97 /* LaunchScreen.storyboard */ = {
			isa = PBXVariantGroup;
			children = (
				57BEDFED236A081D00D42F97 /* Base */,
			);
			name = LaunchScreen.storyboard;
			sourceTree = "<group>";
		};
/* End PBXVariantGroup section */

/* Begin XCBuildConfiguration section */
		57BEDFF0236A081D00D42F97 /* Debug */ = {
			isa = XCBuildConfiguration;
			buildSettings = {
				ALWAYS_SEARCH_USER_PATHS = NO;
				CLANG_ANALYZER_NONNULL = YES;
				CLANG_ANALYZER_NUMBER_OBJECT_CONVERSION = YES_AGGRESSIVE;
				CLANG_CXX_LANGUAGE_STANDARD = "gnu++14";
				CLANG_CXX_LIBRARY = "libc++";
				CLANG_ENABLE_MODULES = YES;
				CLANG_ENABLE_OBJC_ARC = YES;
				CLANG_ENABLE_OBJC_WEAK = YES;
				CLANG_WARN_BLOCK_CAPTURE_AUTORELEASING = YES;
				CLANG_WARN_BOOL_CONVERSION = YES;
				CLANG_WARN_COMMA = YES;
				CLANG_WARN_CONSTANT_CONVERSION = YES;
				CLANG_WARN_DEPRECATED_OBJC_IMPLEMENTATIONS = YES;
				CLANG_WARN_DIRECT_OBJC_ISA_USAGE = YES_ERROR;
				CLANG_WARN_DOCUMENTATION_COMMENTS = YES;
				CLANG_WARN_EMPTY_BODY = YES;
				CLANG_WARN_ENUM_CONVERSION = YES;
				CLANG_WARN_INFINITE_RECURSION = YES;
				CLANG_WARN_INT_CONVERSION = YES;
				CLANG_WARN_NON_LITERAL_NULL_CONVERSION = YES;
				CLANG_WARN_OBJC_IMPLICIT_RETAIN_SELF = YES;
				CLANG_WARN_OBJC_LITERAL_CONVERSION = YES;
				CLANG_WARN_OBJC_ROOT_CLASS = YES_ERROR;
				CLANG_WARN_RANGE_LOOP_ANALYSIS = YES;
				CLANG_WARN_STRICT_PROTOTYPES = YES;
				CLANG_WARN_SUSPICIOUS_MOVE = YES;
				CLANG_WARN_UNGUARDED_AVAILABILITY = YES_AGGRESSIVE;
				CLANG_WARN_UNREACHABLE_CODE = YES;
				CLANG_WARN__DUPLICATE_METHOD_MATCH = YES;
				COPY_PHASE_STRIP = NO;
				DEBUG_INFORMATION_FORMAT = dwarf;
				ENABLE_STRICT_OBJC_MSGSEND = YES;
				ENABLE_TESTABILITY = YES;
				GCC_C_LANGUAGE_STANDARD = gnu11;
				GCC_DYNAMIC_NO_PIC = NO;
				GCC_NO_COMMON_BLOCKS = YES;
				GCC_OPTIMIZATION_LEVEL = 0;
				GCC_PREPROCESSOR_DEFINITIONS = (
					"DEBUG=1",
					"$(inherited)",
				);
				GCC_WARN_64_TO_32_BIT_CONVERSION = YES;
				GCC_WARN_ABOUT_RETURN_TYPE = YES_ERROR;
				GCC_WARN_UNDECLARED_SELECTOR = YES;
				GCC_WARN_UNINITIALIZED_AUTOS = YES_AGGRESSIVE;
				GCC_WARN_UNUSED_FUNCTION = YES;
				GCC_WARN_UNUSED_VARIABLE = YES;
				IPHONEOS_DEPLOYMENT_TARGET = 13.1;
				MTL_ENABLE_DEBUG_INFO = INCLUDE_SOURCE;
				MTL_FAST_MATH = YES;
				ONLY_ACTIVE_ARCH = YES;
				SDKROOT = iphoneos;
				SWIFT_ACTIVE_COMPILATION_CONDITIONS = DEBUG;
				SWIFT_OPTIMIZATION_LEVEL = "-Onone";
			};
			name = Debug;
		};
		57BEDFF1236A081D00D42F97 /* Release */ = {
			isa = XCBuildConfiguration;
			buildSettings = {
				ALWAYS_SEARCH_USER_PATHS = NO;
				CLANG_ANALYZER_NONNULL = YES;
				CLANG_ANALYZER_NUMBER_OBJECT_CONVERSION = YES_AGGRESSIVE;
				CLANG_CXX_LANGUAGE_STANDARD = "gnu++14";
				CLANG_CXX_LIBRARY = "libc++";
				CLANG_ENABLE_MODULES = YES;
				CLANG_ENABLE_OBJC_ARC = YES;
				CLANG_ENABLE_OBJC_WEAK = YES;
				CLANG_WARN_BLOCK_CAPTURE_AUTORELEASING = YES;
				CLANG_WARN_BOOL_CONVERSION = YES;
				CLANG_WARN_COMMA = YES;
				CLANG_WARN_CONSTANT_CONVERSION = YES;
				CLANG_WARN_DEPRECATED_OBJC_IMPLEMENTATIONS = YES;
				CLANG_WARN_DIRECT_OBJC_ISA_USAGE = YES_ERROR;
				CLANG_WARN_DOCUMENTATION_COMMENTS = YES;
				CLANG_WARN_EMPTY_BODY = YES;
				CLANG_WARN_ENUM_CONVERSION = YES;
				CLANG_WARN_INFINITE_RECURSION = YES;
				CLANG_WARN_INT_CONVERSION = YES;
				CLANG_WARN_NON_LITERAL_NULL_CONVERSION = YES;
				CLANG_WARN_OBJC_IMPLICIT_RETAIN_SELF = YES;
				CLANG_WARN_OBJC_LITERAL_CONVERSION = YES;
				CLANG_WARN_OBJC_ROOT_CLASS = YES_ERROR;
				CLANG_WARN_RANGE_LOOP_ANALYSIS = YES;
				CLANG_WARN_STRICT_PROTOTYPES = YES;
				CLANG_WARN_SUSPICIOUS_MOVE = YES;
				CLANG_WARN_UNGUARDED_AVAILABILITY = YES_AGGRESSIVE;
				CLANG_WARN_UNREACHABLE_CODE = YES;
				CLANG_WARN__DUPLICATE_METHOD_MATCH = YES;
				COPY_PHASE_STRIP = NO;
				DEBUG_INFORMATION_FORMAT = "dwarf-with-dsym";
				ENABLE_NS_ASSERTIONS = NO;
				ENABLE_STRICT_OBJC_MSGSEND = YES;
				GCC_C_LANGUAGE_STANDARD = gnu11;
				GCC_NO_COMMON_BLOCKS = YES;
				GCC_WARN_64_TO_32_BIT_CONVERSION = YES;
				GCC_WARN_ABOUT_RETURN_TYPE = YES_ERROR;
				GCC_WARN_UNDECLARED_SELECTOR = YES;
				GCC_WARN_UNINITIALIZED_AUTOS = YES_AGGRESSIVE;
				GCC_WARN_UNUSED_FUNCTION = YES;
				GCC_WARN_UNUSED_VARIABLE = YES;
				IPHONEOS_DEPLOYMENT_TARGET = 13.1;
				MTL_ENABLE_DEBUG_INFO = NO;
				MTL_FAST_MATH = YES;
				SDKROOT = iphoneos;
				SWIFT_COMPILATION_MODE = wholemodule;
				SWIFT_OPTIMIZATION_LEVEL = "-O";
				VALIDATE_PRODUCT = YES;
			};
			name = Release;
		};
		57BEDFF3236A081D00D42F97 /* Debug */ = {
			isa = XCBuildConfiguration;
			buildSettings = {
				ASSETCATALOG_COMPILER_APPICON_NAME = AppIcon;
				CODE_SIGN_STYLE = Automatic;
				DEVELOPMENT_ASSET_PATHS = "\"Expenses/Preview Content\"";
				DEVELOPMENT_TEAM = TML83P7F4U;
				ENABLE_PREVIEWS = YES;
				INFOPLIST_FILE = Expenses/Info.plist;
				LD_RUNPATH_SEARCH_PATHS = (
					"$(inherited)",
					"@executable_path/Frameworks",
				);
				PRODUCT_BUNDLE_IDENTIFIER = com.zachfrew.Expenses;
				PRODUCT_NAME = "$(TARGET_NAME)";
				SWIFT_VERSION = 5.0;
				TARGETED_DEVICE_FAMILY = "1,2";
			};
			name = Debug;
		};
		57BEDFF4236A081D00D42F97 /* Release */ = {
			isa = XCBuildConfiguration;
			buildSettings = {
				ASSETCATALOG_COMPILER_APPICON_NAME = AppIcon;
				CODE_SIGN_STYLE = Automatic;
				DEVELOPMENT_ASSET_PATHS = "\"Expenses/Preview Content\"";
				DEVELOPMENT_TEAM = TML83P7F4U;
				ENABLE_PREVIEWS = YES;
				INFOPLIST_FILE = Expenses/Info.plist;
				LD_RUNPATH_SEARCH_PATHS = (
					"$(inherited)",
					"@executable_path/Frameworks",
				);
				PRODUCT_BUNDLE_IDENTIFIER = com.zachfrew.Expenses;
				PRODUCT_NAME = "$(TARGET_NAME)";
				SWIFT_VERSION = 5.0;
				TARGETED_DEVICE_FAMILY = "1,2";
			};
			name = Release;
		};
/* End XCBuildConfiguration section */

/* Begin XCConfigurationList section */
		57BEDFD9236A081B00D42F97 /* Build configuration list for PBXProject "Expenses" */ = {
			isa = XCConfigurationList;
			buildConfigurations = (
				57BEDFF0236A081D00D42F97 /* Debug */,
				57BEDFF1236A081D00D42F97 /* Release */,
			);
			defaultConfigurationIsVisible = 0;
			defaultConfigurationName = Release;
		};
		57BEDFF2236A081D00D42F97 /* Build configuration list for PBXNativeTarget "Expenses" */ = {
			isa = XCConfigurationList;
			buildConfigurations = (
				57BEDFF3236A081D00D42F97 /* Debug */,
				57BEDFF4236A081D00D42F97 /* Release */,
			);
			defaultConfigurationIsVisible = 0;
			defaultConfigurationName = Release;
		};
/* End XCConfigurationList section */
	};
	rootObject = 57BEDFD6236A081B00D42F97 /* Project object */;
}
