// !$*UTF8*$!
{
	archiveVersion = 1;
	classes = {
	};
	objectVersion = 50;
	objects = {

/* Begin PBXBuildFile section */
		5745AE0B238B3AD900FC57BF /* AppDelegate.swift in Sources */ = {isa = PBXBuildFile; fileRef = 5745AE0A238B3AD900FC57BF /* AppDelegate.swift */; };
		5745AE0D238B3AD900FC57BF /* SceneDelegate.swift in Sources */ = {isa = PBXBuildFile; fileRef = 5745AE0C238B3AD900FC57BF /* SceneDelegate.swift */; };
		5745AE0F238B3AD900FC57BF /* ContentView.swift in Sources */ = {isa = PBXBuildFile; fileRef = 5745AE0E238B3AD900FC57BF /* ContentView.swift */; };
		5745AE11238B3ADC00FC57BF /* Assets.xcassets in Resources */ = {isa = PBXBuildFile; fileRef = 5745AE10238B3ADC00FC57BF /* Assets.xcassets */; };
		5745AE14238B3ADC00FC57BF /* Preview Assets.xcassets in Resources */ = {isa = PBXBuildFile; fileRef = 5745AE13238B3ADC00FC57BF /* Preview Assets.xcassets */; };
		5745AE17238B3ADC00FC57BF /* LaunchScreen.storyboard in Resources */ = {isa = PBXBuildFile; fileRef = 5745AE15238B3ADC00FC57BF /* LaunchScreen.storyboard */; };
		5745AE1F238B3BBC00FC57BF /* TutorialCode.swift in Sources */ = {isa = PBXBuildFile; fileRef = 5745AE1E238B3BBC00FC57BF /* TutorialCode.swift */; };
		5745AE21238C491200FC57BF /* ImagePicker.swift in Sources */ = {isa = PBXBuildFile; fileRef = 5745AE20238C491200FC57BF /* ImagePicker.swift */; };
		575B87F5238CE8BE00BFE84C /* ImageSaver.swift in Sources */ = {isa = PBXBuildFile; fileRef = 575B87F4238CE8BE00BFE84C /* ImageSaver.swift */; };
/* End PBXBuildFile section */

/* Begin PBXFileReference section */
		5745AE07238B3AD900FC57BF /* Instafilter.app */ = {isa = PBXFileReference; explicitFileType = wrapper.application; includeInIndex = 0; path = Instafilter.app; sourceTree = BUILT_PRODUCTS_DIR; };
		5745AE0A238B3AD900FC57BF /* AppDelegate.swift */ = {isa = PBXFileReference; lastKnownFileType = sourcecode.swift; path = AppDelegate.swift; sourceTree = "<group>"; };
		5745AE0C238B3AD900FC57BF /* SceneDelegate.swift */ = {isa = PBXFileReference; lastKnownFileType = sourcecode.swift; path = SceneDelegate.swift; sourceTree = "<group>"; };
		5745AE0E238B3AD900FC57BF /* ContentView.swift */ = {isa = PBXFileReference; lastKnownFileType = sourcecode.swift; path = ContentView.swift; sourceTree = "<group>"; };
		5745AE10238B3ADC00FC57BF /* Assets.xcassets */ = {isa = PBXFileReference; lastKnownFileType = folder.assetcatalog; path = Assets.xcassets; sourceTree = "<group>"; };
		5745AE13238B3ADC00FC57BF /* Preview Assets.xcassets */ = {isa = PBXFileReference; lastKnownFileType = folder.assetcatalog; path = "Preview Assets.xcassets"; sourceTree = "<group>"; };
		5745AE16238B3ADC00FC57BF /* Base */ = {isa = PBXFileReference; lastKnownFileType = file.storyboard; name = Base; path = Base.lproj/LaunchScreen.storyboard; sourceTree = "<group>"; };
		5745AE18238B3ADC00FC57BF /* Info.plist */ = {isa = PBXFileReference; lastKnownFileType = text.plist.xml; path = Info.plist; sourceTree = "<group>"; };
		5745AE1E238B3BBC00FC57BF /* TutorialCode.swift */ = {isa = PBXFileReference; lastKnownFileType = sourcecode.swift; name = TutorialCode.swift; path = Instafilter/TutorialCode.swift; sourceTree = "<group>"; };
		5745AE20238C491200FC57BF /* ImagePicker.swift */ = {isa = PBXFileReference; lastKnownFileType = sourcecode.swift; path = ImagePicker.swift; sourceTree = "<group>"; };
		575B87F4238CE8BE00BFE84C /* ImageSaver.swift */ = {isa = PBXFileReference; lastKnownFileType = sourcecode.swift; path = ImageSaver.swift; sourceTree = "<group>"; };
/* End PBXFileReference section */

/* Begin PBXFrameworksBuildPhase section */
		5745AE04238B3AD900FC57BF /* Frameworks */ = {
			isa = PBXFrameworksBuildPhase;
			buildActionMask = 2147483647;
			files = (
			);
			runOnlyForDeploymentPostprocessing = 0;
		};
/* End PBXFrameworksBuildPhase section */

/* Begin PBXGroup section */
		5745ADFE238B3AD900FC57BF = {
			isa = PBXGroup;
			children = (
				5745AE1E238B3BBC00FC57BF /* TutorialCode.swift */,
				5745AE09238B3AD900FC57BF /* Instafilter */,
				5745AE08238B3AD900FC57BF /* Products */,
			);
			sourceTree = "<group>";
		};
		5745AE08238B3AD900FC57BF /* Products */ = {
			isa = PBXGroup;
			children = (
				5745AE07238B3AD900FC57BF /* Instafilter.app */,
			);
			name = Products;
			sourceTree = "<group>";
		};
		5745AE09238B3AD900FC57BF /* Instafilter */ = {
			isa = PBXGroup;
			children = (
				5745AE0A238B3AD900FC57BF /* AppDelegate.swift */,
				5745AE0C238B3AD900FC57BF /* SceneDelegate.swift */,
				5745AE0E238B3AD900FC57BF /* ContentView.swift */,
				5745AE20238C491200FC57BF /* ImagePicker.swift */,
				5745AE10238B3ADC00FC57BF /* Assets.xcassets */,
				5745AE15238B3ADC00FC57BF /* LaunchScreen.storyboard */,
				5745AE18238B3ADC00FC57BF /* Info.plist */,
				575B87F4238CE8BE00BFE84C /* ImageSaver.swift */,
				5745AE12238B3ADC00FC57BF /* Preview Content */,
			);
			path = Instafilter;
			sourceTree = "<group>";
		};
		5745AE12238B3ADC00FC57BF /* Preview Content */ = {
			isa = PBXGroup;
			children = (
				5745AE13238B3ADC00FC57BF /* Preview Assets.xcassets */,
			);
			path = "Preview Content";
			sourceTree = "<group>";
		};
/* End PBXGroup section */

/* Begin PBXNativeTarget section */
		5745AE06238B3AD900FC57BF /* Instafilter */ = {
			isa = PBXNativeTarget;
			buildConfigurationList = 5745AE1B238B3ADC00FC57BF /* Build configuration list for PBXNativeTarget "Instafilter" */;
			buildPhases = (
				5745AE03238B3AD900FC57BF /* Sources */,
				5745AE04238B3AD900FC57BF /* Frameworks */,
				5745AE05238B3AD900FC57BF /* Resources */,
			);
			buildRules = (
			);
			dependencies = (
			);
			name = Instafilter;
			productName = Instafilter;
			productReference = 5745AE07238B3AD900FC57BF /* Instafilter.app */;
			productType = "com.apple.product-type.application";
		};
/* End PBXNativeTarget section */

/* Begin PBXProject section */
		5745ADFF238B3AD900FC57BF /* Project object */ = {
			isa = PBXProject;
			attributes = {
				LastSwiftUpdateCheck = 1120;
				LastUpgradeCheck = 1120;
				ORGANIZATIONNAME = "Zach Frew";
				TargetAttributes = {
					5745AE06238B3AD900FC57BF = {
						CreatedOnToolsVersion = 11.2.1;
					};
				};
			};
			buildConfigurationList = 5745AE02238B3AD900FC57BF /* Build configuration list for PBXProject "Instafilter" */;
			compatibilityVersion = "Xcode 9.3";
			developmentRegion = en;
			hasScannedForEncodings = 0;
			knownRegions = (
				en,
				Base,
			);
			mainGroup = 5745ADFE238B3AD900FC57BF;
			productRefGroup = 5745AE08238B3AD900FC57BF /* Products */;
			projectDirPath = "";
			projectRoot = "";
			targets = (
				5745AE06238B3AD900FC57BF /* Instafilter */,
			);
		};
/* End PBXProject section */

/* Begin PBXResourcesBuildPhase section */
		5745AE05238B3AD900FC57BF /* Resources */ = {
			isa = PBXResourcesBuildPhase;
			buildActionMask = 2147483647;
			files = (
				5745AE17238B3ADC00FC57BF /* LaunchScreen.storyboard in Resources */,
				5745AE14238B3ADC00FC57BF /* Preview Assets.xcassets in Resources */,
				5745AE11238B3ADC00FC57BF /* Assets.xcassets in Resources */,
			);
			runOnlyForDeploymentPostprocessing = 0;
		};
/* End PBXResourcesBuildPhase section */

/* Begin PBXSourcesBuildPhase section */
		5745AE03238B3AD900FC57BF /* Sources */ = {
			isa = PBXSourcesBuildPhase;
			buildActionMask = 2147483647;
			files = (
				5745AE1F238B3BBC00FC57BF /* TutorialCode.swift in Sources */,
				575B87F5238CE8BE00BFE84C /* ImageSaver.swift in Sources */,
				5745AE0B238B3AD900FC57BF /* AppDelegate.swift in Sources */,
				5745AE21238C491200FC57BF /* ImagePicker.swift in Sources */,
				5745AE0D238B3AD900FC57BF /* SceneDelegate.swift in Sources */,
				5745AE0F238B3AD900FC57BF /* ContentView.swift in Sources */,
			);
			runOnlyForDeploymentPostprocessing = 0;
		};
/* End PBXSourcesBuildPhase section */

/* Begin PBXVariantGroup section */
		5745AE15238B3ADC00FC57BF /* LaunchScreen.storyboard */ = {
			isa = PBXVariantGroup;
			children = (
				5745AE16238B3ADC00FC57BF /* Base */,
			);
			name = LaunchScreen.storyboard;
			sourceTree = "<group>";
		};
/* End PBXVariantGroup section */

/* Begin XCBuildConfiguration section */
		5745AE19238B3ADC00FC57BF /* Debug */ = {
			isa = XCBuildConfiguration;
			buildSettings = {
				ALWAYS_SEARCH_USER_PATHS = NO;
				CLANG_ANALYZER_NONNULL = YES;
				CLANG_ANALYZER_NUMBER_OBJECT_CONVERSION = YES_AGGRESSIVE;
				CLANG_CXX_LANGUAGE_STANDARD = "gnu++14";
				CLANG_CXX_LIBRARY = "libc++";
				CLANG_ENABLE_MODULES = YES;
				CLANG_ENABLE_OBJC_ARC = YES;
				CLANG_ENABLE_OBJC_WEAK = YES;
				CLANG_WARN_BLOCK_CAPTURE_AUTORELEASING = YES;
				CLANG_WARN_BOOL_CONVERSION = YES;
				CLANG_WARN_COMMA = YES;
				CLANG_WARN_CONSTANT_CONVERSION = YES;
				CLANG_WARN_DEPRECATED_OBJC_IMPLEMENTATIONS = YES;
				CLANG_WARN_DIRECT_OBJC_ISA_USAGE = YES_ERROR;
				CLANG_WARN_DOCUMENTATION_COMMENTS = YES;
				CLANG_WARN_EMPTY_BODY = YES;
				CLANG_WARN_ENUM_CONVERSION = YES;
				CLANG_WARN_INFINITE_RECURSION = YES;
				CLANG_WARN_INT_CONVERSION = YES;
				CLANG_WARN_NON_LITERAL_NULL_CONVERSION = YES;
				CLANG_WARN_OBJC_IMPLICIT_RETAIN_SELF = YES;
				CLANG_WARN_OBJC_LITERAL_CONVERSION = YES;
				CLANG_WARN_OBJC_ROOT_CLASS = YES_ERROR;
				CLANG_WARN_RANGE_LOOP_ANALYSIS = YES;
				CLANG_WARN_STRICT_PROTOTYPES = YES;
				CLANG_WARN_SUSPICIOUS_MOVE = YES;
				CLANG_WARN_UNGUARDED_AVAILABILITY = YES_AGGRESSIVE;
				CLANG_WARN_UNREACHABLE_CODE = YES;
				CLANG_WARN__DUPLICATE_METHOD_MATCH = YES;
				COPY_PHASE_STRIP = NO;
				DEBUG_INFORMATION_FORMAT = dwarf;
				ENABLE_STRICT_OBJC_MSGSEND = YES;
				ENABLE_TESTABILITY = YES;
				GCC_C_LANGUAGE_STANDARD = gnu11;
				GCC_DYNAMIC_NO_PIC = NO;
				GCC_NO_COMMON_BLOCKS = YES;
				GCC_OPTIMIZATION_LEVEL = 0;
				GCC_PREPROCESSOR_DEFINITIONS = (
					"DEBUG=1",
					"$(inherited)",
				);
				GCC_WARN_64_TO_32_BIT_CONVERSION = YES;
				GCC_WARN_ABOUT_RETURN_TYPE = YES_ERROR;
				GCC_WARN_UNDECLARED_SELECTOR = YES;
				GCC_WARN_UNINITIALIZED_AUTOS = YES_AGGRESSIVE;
				GCC_WARN_UNUSED_FUNCTION = YES;
				GCC_WARN_UNUSED_VARIABLE = YES;
				IPHONEOS_DEPLOYMENT_TARGET = 13.2;
				MTL_ENABLE_DEBUG_INFO = INCLUDE_SOURCE;
				MTL_FAST_MATH = YES;
				ONLY_ACTIVE_ARCH = YES;
				SDKROOT = iphoneos;
				SWIFT_ACTIVE_COMPILATION_CONDITIONS = DEBUG;
				SWIFT_OPTIMIZATION_LEVEL = "-Onone";
			};
			name = Debug;
		};
		5745AE1A238B3ADC00FC57BF /* Release */ = {
			isa = XCBuildConfiguration;
			buildSettings = {
				ALWAYS_SEARCH_USER_PATHS = NO;
				CLANG_ANALYZER_NONNULL = YES;
				CLANG_ANALYZER_NUMBER_OBJECT_CONVERSION = YES_AGGRESSIVE;
				CLANG_CXX_LANGUAGE_STANDARD = "gnu++14";
				CLANG_CXX_LIBRARY = "libc++";
				CLANG_ENABLE_MODULES = YES;
				CLANG_ENABLE_OBJC_ARC = YES;
				CLANG_ENABLE_OBJC_WEAK = YES;
				CLANG_WARN_BLOCK_CAPTURE_AUTORELEASING = YES;
				CLANG_WARN_BOOL_CONVERSION = YES;
				CLANG_WARN_COMMA = YES;
				CLANG_WARN_CONSTANT_CONVERSION = YES;
				CLANG_WARN_DEPRECATED_OBJC_IMPLEMENTATIONS = YES;
				CLANG_WARN_DIRECT_OBJC_ISA_USAGE = YES_ERROR;
				CLANG_WARN_DOCUMENTATION_COMMENTS = YES;
				CLANG_WARN_EMPTY_BODY = YES;
				CLANG_WARN_ENUM_CONVERSION = YES;
				CLANG_WARN_INFINITE_RECURSION = YES;
				CLANG_WARN_INT_CONVERSION = YES;
				CLANG_WARN_NON_LITERAL_NULL_CONVERSION = YES;
				CLANG_WARN_OBJC_IMPLICIT_RETAIN_SELF = YES;
				CLANG_WARN_OBJC_LITERAL_CONVERSION = YES;
				CLANG_WARN_OBJC_ROOT_CLASS = YES_ERROR;
				CLANG_WARN_RANGE_LOOP_ANALYSIS = YES;
				CLANG_WARN_STRICT_PROTOTYPES = YES;
				CLANG_WARN_SUSPICIOUS_MOVE = YES;
				CLANG_WARN_UNGUARDED_AVAILABILITY = YES_AGGRESSIVE;
				CLANG_WARN_UNREACHABLE_CODE = YES;
				CLANG_WARN__DUPLICATE_METHOD_MATCH = YES;
				COPY_PHASE_STRIP = NO;
				DEBUG_INFORMATION_FORMAT = "dwarf-with-dsym";
				ENABLE_NS_ASSERTIONS = NO;
				ENABLE_STRICT_OBJC_MSGSEND = YES;
				GCC_C_LANGUAGE_STANDARD = gnu11;
				GCC_NO_COMMON_BLOCKS = YES;
				GCC_WARN_64_TO_32_BIT_CONVERSION = YES;
				GCC_WARN_ABOUT_RETURN_TYPE = YES_ERROR;
				GCC_WARN_UNDECLARED_SELECTOR = YES;
				GCC_WARN_UNINITIALIZED_AUTOS = YES_AGGRESSIVE;
				GCC_WARN_UNUSED_FUNCTION = YES;
				GCC_WARN_UNUSED_VARIABLE = YES;
				IPHONEOS_DEPLOYMENT_TARGET = 13.2;
				MTL_ENABLE_DEBUG_INFO = NO;
				MTL_FAST_MATH = YES;
				SDKROOT = iphoneos;
				SWIFT_COMPILATION_MODE = wholemodule;
				SWIFT_OPTIMIZATION_LEVEL = "-O";
				VALIDATE_PRODUCT = YES;
			};
			name = Release;
		};
		5745AE1C238B3ADC00FC57BF /* Debug */ = {
			isa = XCBuildConfiguration;
			buildSettings = {
				ASSETCATALOG_COMPILER_APPICON_NAME = AppIcon;
				CODE_SIGN_STYLE = Automatic;
				DEVELOPMENT_ASSET_PATHS = "\"Instafilter/Preview Content\"";
				DEVELOPMENT_TEAM = TML83P7F4U;
				ENABLE_PREVIEWS = YES;
				INFOPLIST_FILE = Instafilter/Info.plist;
				LD_RUNPATH_SEARCH_PATHS = (
					"$(inherited)",
					"@executable_path/Frameworks",
				);
				PRODUCT_BUNDLE_IDENTIFIER = com.zachfrew.Instafilter;
				PRODUCT_NAME = "$(TARGET_NAME)";
				SWIFT_VERSION = 5.0;
				TARGETED_DEVICE_FAMILY = "1,2";
			};
			name = Debug;
		};
		5745AE1D238B3ADC00FC57BF /* Release */ = {
			isa = XCBuildConfiguration;
			buildSettings = {
				ASSETCATALOG_COMPILER_APPICON_NAME = AppIcon;
				CODE_SIGN_STYLE = Automatic;
				DEVELOPMENT_ASSET_PATHS = "\"Instafilter/Preview Content\"";
				DEVELOPMENT_TEAM = TML83P7F4U;
				ENABLE_PREVIEWS = YES;
				INFOPLIST_FILE = Instafilter/Info.plist;
				LD_RUNPATH_SEARCH_PATHS = (
					"$(inherited)",
					"@executable_path/Frameworks",
				);
				PRODUCT_BUNDLE_IDENTIFIER = com.zachfrew.Instafilter;
				PRODUCT_NAME = "$(TARGET_NAME)";
				SWIFT_VERSION = 5.0;
				TARGETED_DEVICE_FAMILY = "1,2";
			};
			name = Release;
		};
/* End XCBuildConfiguration section */

/* Begin XCConfigurationList section */
		5745AE02238B3AD900FC57BF /* Build configuration list for PBXProject "Instafilter" */ = {
			isa = XCConfigurationList;
			buildConfigurations = (
				5745AE19238B3ADC00FC57BF /* Debug */,
				5745AE1A238B3ADC00FC57BF /* Release */,
			);
			defaultConfigurationIsVisible = 0;
			defaultConfigurationName = Release;
		};
		5745AE1B238B3ADC00FC57BF /* Build configuration list for PBXNativeTarget "Instafilter" */ = {
			isa = XCConfigurationList;
			buildConfigurations = (
				5745AE1C238B3ADC00FC57BF /* Debug */,
				5745AE1D238B3ADC00FC57BF /* Release */,
			);
			defaultConfigurationIsVisible = 0;
			defaultConfigurationName = Release;
		};
/* End XCConfigurationList section */
	};
	rootObject = 5745ADFF238B3AD900FC57BF /* Project object */;
}
