// !$*UTF8*$!
{
	archiveVersion = 1;
	classes = {
	};
	objectVersion = 50;
	objects = {

/* Begin PBXBuildFile section */
		576ADA0823B1B6350036FB21 /* AppDelegate.swift in Sources */ = {isa = PBXBuildFile; fileRef = 576ADA0723B1B6350036FB21 /* AppDelegate.swift */; };
		576ADA0A23B1B6350036FB21 /* SceneDelegate.swift in Sources */ = {isa = PBXBuildFile; fileRef = 576ADA0923B1B6350036FB21 /* SceneDelegate.swift */; };
		576ADA0C23B1B6350036FB21 /* ContentView.swift in Sources */ = {isa = PBXBuildFile; fileRef = 576ADA0B23B1B6350036FB21 /* ContentView.swift */; };
		576ADA0E23B1B6380036FB21 /* Assets.xcassets in Resources */ = {isa = PBXBuildFile; fileRef = 576ADA0D23B1B6380036FB21 /* Assets.xcassets */; };
		576ADA1123B1B6380036FB21 /* Preview Assets.xcassets in Resources */ = {isa = PBXBuildFile; fileRef = 576ADA1023B1B6380036FB21 /* Preview Assets.xcassets */; };
		576ADA1423B1B6380036FB21 /* LaunchScreen.storyboard in Resources */ = {isa = PBXBuildFile; fileRef = 576ADA1223B1B6380036FB21 /* LaunchScreen.storyboard */; };
		576ADA1F23B1B6390036FB21 /* LayoutAndGeometryTests.swift in Sources */ = {isa = PBXBuildFile; fileRef = 576ADA1E23B1B6390036FB21 /* LayoutAndGeometryTests.swift */; };
		576ADA2A23B1BD8D0036FB21 /* TutorialCode.swift in Sources */ = {isa = PBXBuildFile; fileRef = 576ADA2923B1BD8D0036FB21 /* TutorialCode.swift */; };
/* End PBXBuildFile section */

/* Begin PBXContainerItemProxy section */
		576ADA1B23B1B6390036FB21 /* PBXContainerItemProxy */ = {
			isa = PBXContainerItemProxy;
			containerPortal = 576AD9FC23B1B6350036FB21 /* Project object */;
			proxyType = 1;
			remoteGlobalIDString = 576ADA0323B1B6350036FB21;
			remoteInfo = LayoutAndGeometry;
		};
/* End PBXContainerItemProxy section */

/* Begin PBXFileReference section */
		576ADA0423B1B6350036FB21 /* LayoutAndGeometry.app */ = {isa = PBXFileReference; explicitFileType = wrapper.application; includeInIndex = 0; path = LayoutAndGeometry.app; sourceTree = BUILT_PRODUCTS_DIR; };
		576ADA0723B1B6350036FB21 /* AppDelegate.swift */ = {isa = PBXFileReference; lastKnownFileType = sourcecode.swift; path = AppDelegate.swift; sourceTree = "<group>"; };
		576ADA0923B1B6350036FB21 /* SceneDelegate.swift */ = {isa = PBXFileReference; lastKnownFileType = sourcecode.swift; path = SceneDelegate.swift; sourceTree = "<group>"; };
		576ADA0B23B1B6350036FB21 /* ContentView.swift */ = {isa = PBXFileReference; lastKnownFileType = sourcecode.swift; path = ContentView.swift; sourceTree = "<group>"; };
		576ADA0D23B1B6380036FB21 /* Assets.xcassets */ = {isa = PBXFileReference; lastKnownFileType = folder.assetcatalog; path = Assets.xcassets; sourceTree = "<group>"; };
		576ADA1023B1B6380036FB21 /* Preview Assets.xcassets */ = {isa = PBXFileReference; lastKnownFileType = folder.assetcatalog; path = "Preview Assets.xcassets"; sourceTree = "<group>"; };
		576ADA1323B1B6380036FB21 /* Base */ = {isa = PBXFileReference; lastKnownFileType = file.storyboard; name = Base; path = Base.lproj/LaunchScreen.storyboard; sourceTree = "<group>"; };
		576ADA1523B1B6380036FB21 /* Info.plist */ = {isa = PBXFileReference; lastKnownFileType = text.plist.xml; path = Info.plist; sourceTree = "<group>"; };
		576ADA1A23B1B6390036FB21 /* LayoutAndGeometryTests.xctest */ = {isa = PBXFileReference; explicitFileType = wrapper.cfbundle; includeInIndex = 0; path = LayoutAndGeometryTests.xctest; sourceTree = BUILT_PRODUCTS_DIR; };
		576ADA1E23B1B6390036FB21 /* LayoutAndGeometryTests.swift */ = {isa = PBXFileReference; lastKnownFileType = sourcecode.swift; path = LayoutAndGeometryTests.swift; sourceTree = "<group>"; };
		576ADA2023B1B6390036FB21 /* Info.plist */ = {isa = PBXFileReference; lastKnownFileType = text.plist.xml; path = Info.plist; sourceTree = "<group>"; };
		576ADA2923B1BD8D0036FB21 /* TutorialCode.swift */ = {isa = PBXFileReference; lastKnownFileType = sourcecode.swift; name = TutorialCode.swift; path = LayoutAndGeometry/TutorialCode.swift; sourceTree = "<group>"; };
/* End PBXFileReference section */

/* Begin PBXFrameworksBuildPhase section */
		576ADA0123B1B6350036FB21 /* Frameworks */ = {
			isa = PBXFrameworksBuildPhase;
			buildActionMask = 2147483647;
			files = (
			);
			runOnlyForDeploymentPostprocessing = 0;
		};
		576ADA1723B1B6390036FB21 /* Frameworks */ = {
			isa = PBXFrameworksBuildPhase;
			buildActionMask = 2147483647;
			files = (
			);
			runOnlyForDeploymentPostprocessing = 0;
		};
/* End PBXFrameworksBuildPhase section */

/* Begin PBXGroup section */
		576AD9FB23B1B6350036FB21 = {
			isa = PBXGroup;
			children = (
				576ADA2923B1BD8D0036FB21 /* TutorialCode.swift */,
				576ADA0623B1B6350036FB21 /* LayoutAndGeometry */,
				576ADA1D23B1B6390036FB21 /* LayoutAndGeometryTests */,
				576ADA0523B1B6350036FB21 /* Products */,
			);
			sourceTree = "<group>";
		};
		576ADA0523B1B6350036FB21 /* Products */ = {
			isa = PBXGroup;
			children = (
				576ADA0423B1B6350036FB21 /* LayoutAndGeometry.app */,
				576ADA1A23B1B6390036FB21 /* LayoutAndGeometryTests.xctest */,
			);
			name = Products;
			sourceTree = "<group>";
		};
		576ADA0623B1B6350036FB21 /* LayoutAndGeometry */ = {
			isa = PBXGroup;
			children = (
				576ADA0723B1B6350036FB21 /* AppDelegate.swift */,
				576ADA0923B1B6350036FB21 /* SceneDelegate.swift */,
				576ADA0B23B1B6350036FB21 /* ContentView.swift */,
				576ADA0D23B1B6380036FB21 /* Assets.xcassets */,
				576ADA1223B1B6380036FB21 /* LaunchScreen.storyboard */,
				576ADA1523B1B6380036FB21 /* Info.plist */,
				576ADA0F23B1B6380036FB21 /* Preview Content */,
			);
			path = LayoutAndGeometry;
			sourceTree = "<group>";
		};
		576ADA0F23B1B6380036FB21 /* Preview Content */ = {
			isa = PBXGroup;
			children = (
				576ADA1023B1B6380036FB21 /* Preview Assets.xcassets */,
			);
			path = "Preview Content";
			sourceTree = "<group>";
		};
		576ADA1D23B1B6390036FB21 /* LayoutAndGeometryTests */ = {
			isa = PBXGroup;
			children = (
				576ADA1E23B1B6390036FB21 /* LayoutAndGeometryTests.swift */,
				576ADA2023B1B6390036FB21 /* Info.plist */,
			);
			path = LayoutAndGeometryTests;
			sourceTree = "<group>";
		};
/* End PBXGroup section */

/* Begin PBXNativeTarget section */
		576ADA0323B1B6350036FB21 /* LayoutAndGeometry */ = {
			isa = PBXNativeTarget;
			buildConfigurationList = 576ADA2323B1B6390036FB21 /* Build configuration list for PBXNativeTarget "LayoutAndGeometry" */;
			buildPhases = (
				576ADA0023B1B6350036FB21 /* Sources */,
				576ADA0123B1B6350036FB21 /* Frameworks */,
				576ADA0223B1B6350036FB21 /* Resources */,
			);
			buildRules = (
			);
			dependencies = (
			);
			name = LayoutAndGeometry;
			productName = LayoutAndGeometry;
			productReference = 576ADA0423B1B6350036FB21 /* LayoutAndGeometry.app */;
			productType = "com.apple.product-type.application";
		};
		576ADA1923B1B6390036FB21 /* LayoutAndGeometryTests */ = {
			isa = PBXNativeTarget;
			buildConfigurationList = 576ADA2623B1B6390036FB21 /* Build configuration list for PBXNativeTarget "LayoutAndGeometryTests" */;
			buildPhases = (
				576ADA1623B1B6390036FB21 /* Sources */,
				576ADA1723B1B6390036FB21 /* Frameworks */,
				576ADA1823B1B6390036FB21 /* Resources */,
			);
			buildRules = (
			);
			dependencies = (
				576ADA1C23B1B6390036FB21 /* PBXTargetDependency */,
			);
			name = LayoutAndGeometryTests;
			productName = LayoutAndGeometryTests;
			productReference = 576ADA1A23B1B6390036FB21 /* LayoutAndGeometryTests.xctest */;
			productType = "com.apple.product-type.bundle.unit-test";
		};
/* End PBXNativeTarget section */

/* Begin PBXProject section */
		576AD9FC23B1B6350036FB21 /* Project object */ = {
			isa = PBXProject;
			attributes = {
				LastSwiftUpdateCheck = 1130;
				LastUpgradeCheck = 1130;
				ORGANIZATIONNAME = "Zach Frew";
				TargetAttributes = {
					576ADA0323B1B6350036FB21 = {
						CreatedOnToolsVersion = 11.3;
					};
					576ADA1923B1B6390036FB21 = {
						CreatedOnToolsVersion = 11.3;
						TestTargetID = 576ADA0323B1B6350036FB21;
					};
				};
			};
			buildConfigurationList = 576AD9FF23B1B6350036FB21 /* Build configuration list for PBXProject "LayoutAndGeometry" */;
			compatibilityVersion = "Xcode 9.3";
			developmentRegion = en;
			hasScannedForEncodings = 0;
			knownRegions = (
				en,
				Base,
			);
			mainGroup = 576AD9FB23B1B6350036FB21;
			productRefGroup = 576ADA0523B1B6350036FB21 /* Products */;
			projectDirPath = "";
			projectRoot = "";
			targets = (
				576ADA0323B1B6350036FB21 /* LayoutAndGeometry */,
				576ADA1923B1B6390036FB21 /* LayoutAndGeometryTests */,
			);
		};
/* End PBXProject section */

/* Begin PBXResourcesBuildPhase section */
		576ADA0223B1B6350036FB21 /* Resources */ = {
			isa = PBXResourcesBuildPhase;
			buildActionMask = 2147483647;
			files = (
				576ADA1423B1B6380036FB21 /* LaunchScreen.storyboard in Resources */,
				576ADA1123B1B6380036FB21 /* Preview Assets.xcassets in Resources */,
				576ADA0E23B1B6380036FB21 /* Assets.xcassets in Resources */,
			);
			runOnlyForDeploymentPostprocessing = 0;
		};
		576ADA1823B1B6390036FB21 /* Resources */ = {
			isa = PBXResourcesBuildPhase;
			buildActionMask = 2147483647;
			files = (
			);
			runOnlyForDeploymentPostprocessing = 0;
		};
/* End PBXResourcesBuildPhase section */

/* Begin PBXSourcesBuildPhase section */
		576ADA0023B1B6350036FB21 /* Sources */ = {
			isa = PBXSourcesBuildPhase;
			buildActionMask = 2147483647;
			files = (
				576ADA2A23B1BD8D0036FB21 /* TutorialCode.swift in Sources */,
				576ADA0823B1B6350036FB21 /* AppDelegate.swift in Sources */,
				576ADA0A23B1B6350036FB21 /* SceneDelegate.swift in Sources */,
				576ADA0C23B1B6350036FB21 /* ContentView.swift in Sources */,
			);
			runOnlyForDeploymentPostprocessing = 0;
		};
		576ADA1623B1B6390036FB21 /* Sources */ = {
			isa = PBXSourcesBuildPhase;
			buildActionMask = 2147483647;
			files = (
				576ADA1F23B1B6390036FB21 /* LayoutAndGeometryTests.swift in Sources */,
			);
			runOnlyForDeploymentPostprocessing = 0;
		};
/* End PBXSourcesBuildPhase section */

/* Begin PBXTargetDependency section */
		576ADA1C23B1B6390036FB21 /* PBXTargetDependency */ = {
			isa = PBXTargetDependency;
			target = 576ADA0323B1B6350036FB21 /* LayoutAndGeometry */;
			targetProxy = 576ADA1B23B1B6390036FB21 /* PBXContainerItemProxy */;
		};
/* End PBXTargetDependency section */

/* Begin PBXVariantGroup section */
		576ADA1223B1B6380036FB21 /* LaunchScreen.storyboard */ = {
			isa = PBXVariantGroup;
			children = (
				576ADA1323B1B6380036FB21 /* Base */,
			);
			name = LaunchScreen.storyboard;
			sourceTree = "<group>";
		};
/* End PBXVariantGroup section */

/* Begin XCBuildConfiguration section */
		576ADA2123B1B6390036FB21 /* Debug */ = {
			isa = XCBuildConfiguration;
			buildSettings = {
				ALWAYS_SEARCH_USER_PATHS = NO;
				CLANG_ANALYZER_NONNULL = YES;
				CLANG_ANALYZER_NUMBER_OBJECT_CONVERSION = YES_AGGRESSIVE;
				CLANG_CXX_LANGUAGE_STANDARD = "gnu++14";
				CLANG_CXX_LIBRARY = "libc++";
				CLANG_ENABLE_MODULES = YES;
				CLANG_ENABLE_OBJC_ARC = YES;
				CLANG_ENABLE_OBJC_WEAK = YES;
				CLANG_WARN_BLOCK_CAPTURE_AUTORELEASING = YES;
				CLANG_WARN_BOOL_CONVERSION = YES;
				CLANG_WARN_COMMA = YES;
				CLANG_WARN_CONSTANT_CONVERSION = YES;
				CLANG_WARN_DEPRECATED_OBJC_IMPLEMENTATIONS = YES;
				CLANG_WARN_DIRECT_OBJC_ISA_USAGE = YES_ERROR;
				CLANG_WARN_DOCUMENTATION_COMMENTS = YES;
				CLANG_WARN_EMPTY_BODY = YES;
				CLANG_WARN_ENUM_CONVERSION = YES;
				CLANG_WARN_INFINITE_RECURSION = YES;
				CLANG_WARN_INT_CONVERSION = YES;
				CLANG_WARN_NON_LITERAL_NULL_CONVERSION = YES;
				CLANG_WARN_OBJC_IMPLICIT_RETAIN_SELF = YES;
				CLANG_WARN_OBJC_LITERAL_CONVERSION = YES;
				CLANG_WARN_OBJC_ROOT_CLASS = YES_ERROR;
				CLANG_WARN_RANGE_LOOP_ANALYSIS = YES;
				CLANG_WARN_STRICT_PROTOTYPES = YES;
				CLANG_WARN_SUSPICIOUS_MOVE = YES;
				CLANG_WARN_UNGUARDED_AVAILABILITY = YES_AGGRESSIVE;
				CLANG_WARN_UNREACHABLE_CODE = YES;
				CLANG_WARN__DUPLICATE_METHOD_MATCH = YES;
				COPY_PHASE_STRIP = NO;
				DEBUG_INFORMATION_FORMAT = dwarf;
				ENABLE_STRICT_OBJC_MSGSEND = YES;
				ENABLE_TESTABILITY = YES;
				GCC_C_LANGUAGE_STANDARD = gnu11;
				GCC_DYNAMIC_NO_PIC = NO;
				GCC_NO_COMMON_BLOCKS = YES;
				GCC_OPTIMIZATION_LEVEL = 0;
				GCC_PREPROCESSOR_DEFINITIONS = (
					"DEBUG=1",
					"$(inherited)",
				);
				GCC_WARN_64_TO_32_BIT_CONVERSION = YES;
				GCC_WARN_ABOUT_RETURN_TYPE = YES_ERROR;
				GCC_WARN_UNDECLARED_SELECTOR = YES;
				GCC_WARN_UNINITIALIZED_AUTOS = YES_AGGRESSIVE;
				GCC_WARN_UNUSED_FUNCTION = YES;
				GCC_WARN_UNUSED_VARIABLE = YES;
				IPHONEOS_DEPLOYMENT_TARGET = 13.2;
				MTL_ENABLE_DEBUG_INFO = INCLUDE_SOURCE;
				MTL_FAST_MATH = YES;
				ONLY_ACTIVE_ARCH = YES;
				SDKROOT = iphoneos;
				SWIFT_ACTIVE_COMPILATION_CONDITIONS = DEBUG;
				SWIFT_OPTIMIZATION_LEVEL = "-Onone";
			};
			name = Debug;
		};
		576ADA2223B1B6390036FB21 /* Release */ = {
			isa = XCBuildConfiguration;
			buildSettings = {
				ALWAYS_SEARCH_USER_PATHS = NO;
				CLANG_ANALYZER_NONNULL = YES;
				CLANG_ANALYZER_NUMBER_OBJECT_CONVERSION = YES_AGGRESSIVE;
				CLANG_CXX_LANGUAGE_STANDARD = "gnu++14";
				CLANG_CXX_LIBRARY = "libc++";
				CLANG_ENABLE_MODULES = YES;
				CLANG_ENABLE_OBJC_ARC = YES;
				CLANG_ENABLE_OBJC_WEAK = YES;
				CLANG_WARN_BLOCK_CAPTURE_AUTORELEASING = YES;
				CLANG_WARN_BOOL_CONVERSION = YES;
				CLANG_WARN_COMMA = YES;
				CLANG_WARN_CONSTANT_CONVERSION = YES;
				CLANG_WARN_DEPRECATED_OBJC_IMPLEMENTATIONS = YES;
				CLANG_WARN_DIRECT_OBJC_ISA_USAGE = YES_ERROR;
				CLANG_WARN_DOCUMENTATION_COMMENTS = YES;
				CLANG_WARN_EMPTY_BODY = YES;
				CLANG_WARN_ENUM_CONVERSION = YES;
				CLANG_WARN_INFINITE_RECURSION = YES;
				CLANG_WARN_INT_CONVERSION = YES;
				CLANG_WARN_NON_LITERAL_NULL_CONVERSION = YES;
				CLANG_WARN_OBJC_IMPLICIT_RETAIN_SELF = YES;
				CLANG_WARN_OBJC_LITERAL_CONVERSION = YES;
				CLANG_WARN_OBJC_ROOT_CLASS = YES_ERROR;
				CLANG_WARN_RANGE_LOOP_ANALYSIS = YES;
				CLANG_WARN_STRICT_PROTOTYPES = YES;
				CLANG_WARN_SUSPICIOUS_MOVE = YES;
				CLANG_WARN_UNGUARDED_AVAILABILITY = YES_AGGRESSIVE;
				CLANG_WARN_UNREACHABLE_CODE = YES;
				CLANG_WARN__DUPLICATE_METHOD_MATCH = YES;
				COPY_PHASE_STRIP = NO;
				DEBUG_INFORMATION_FORMAT = "dwarf-with-dsym";
				ENABLE_NS_ASSERTIONS = NO;
				ENABLE_STRICT_OBJC_MSGSEND = YES;
				GCC_C_LANGUAGE_STANDARD = gnu11;
				GCC_NO_COMMON_BLOCKS = YES;
				GCC_WARN_64_TO_32_BIT_CONVERSION = YES;
				GCC_WARN_ABOUT_RETURN_TYPE = YES_ERROR;
				GCC_WARN_UNDECLARED_SELECTOR = YES;
				GCC_WARN_UNINITIALIZED_AUTOS = YES_AGGRESSIVE;
				GCC_WARN_UNUSED_FUNCTION = YES;
				GCC_WARN_UNUSED_VARIABLE = YES;
				IPHONEOS_DEPLOYMENT_TARGET = 13.2;
				MTL_ENABLE_DEBUG_INFO = NO;
				MTL_FAST_MATH = YES;
				SDKROOT = iphoneos;
				SWIFT_COMPILATION_MODE = wholemodule;
				SWIFT_OPTIMIZATION_LEVEL = "-O";
				VALIDATE_PRODUCT = YES;
			};
			name = Release;
		};
		576ADA2423B1B6390036FB21 /* Debug */ = {
			isa = XCBuildConfiguration;
			buildSettings = {
				ASSETCATALOG_COMPILER_APPICON_NAME = AppIcon;
				CODE_SIGN_STYLE = Automatic;
				DEVELOPMENT_ASSET_PATHS = "\"LayoutAndGeometry/Preview Content\"";
				DEVELOPMENT_TEAM = TML83P7F4U;
				ENABLE_PREVIEWS = YES;
				INFOPLIST_FILE = LayoutAndGeometry/Info.plist;
				LD_RUNPATH_SEARCH_PATHS = (
					"$(inherited)",
					"@executable_path/Frameworks",
				);
				PRODUCT_BUNDLE_IDENTIFIER = com.zachfrew.LayoutAndGeometry;
				PRODUCT_NAME = "$(TARGET_NAME)";
				SWIFT_VERSION = 5.0;
				TARGETED_DEVICE_FAMILY = "1,2";
			};
			name = Debug;
		};
		576ADA2523B1B6390036FB21 /* Release */ = {
			isa = XCBuildConfiguration;
			buildSettings = {
				ASSETCATALOG_COMPILER_APPICON_NAME = AppIcon;
				CODE_SIGN_STYLE = Automatic;
				DEVELOPMENT_ASSET_PATHS = "\"LayoutAndGeometry/Preview Content\"";
				DEVELOPMENT_TEAM = TML83P7F4U;
				ENABLE_PREVIEWS = YES;
				INFOPLIST_FILE = LayoutAndGeometry/Info.plist;
				LD_RUNPATH_SEARCH_PATHS = (
					"$(inherited)",
					"@executable_path/Frameworks",
				);
				PRODUCT_BUNDLE_IDENTIFIER = com.zachfrew.LayoutAndGeometry;
				PRODUCT_NAME = "$(TARGET_NAME)";
				SWIFT_VERSION = 5.0;
				TARGETED_DEVICE_FAMILY = "1,2";
			};
			name = Release;
		};
		576ADA2723B1B6390036FB21 /* Debug */ = {
			isa = XCBuildConfiguration;
			buildSettings = {
				ALWAYS_EMBED_SWIFT_STANDARD_LIBRARIES = YES;
				BUNDLE_LOADER = "$(TEST_HOST)";
				CODE_SIGN_STYLE = Automatic;
				DEVELOPMENT_TEAM = TML83P7F4U;
				INFOPLIST_FILE = LayoutAndGeometryTests/Info.plist;
				IPHONEOS_DEPLOYMENT_TARGET = 13.2;
				LD_RUNPATH_SEARCH_PATHS = (
					"$(inherited)",
					"@executable_path/Frameworks",
					"@loader_path/Frameworks",
				);
				PRODUCT_BUNDLE_IDENTIFIER = com.zachfrew.LayoutAndGeometryTests;
				PRODUCT_NAME = "$(TARGET_NAME)";
				SWIFT_VERSION = 5.0;
				TARGETED_DEVICE_FAMILY = "1,2";
				TEST_HOST = "$(BUILT_PRODUCTS_DIR)/LayoutAndGeometry.app/LayoutAndGeometry";
			};
			name = Debug;
		};
		576ADA2823B1B6390036FB21 /* Release */ = {
			isa = XCBuildConfiguration;
			buildSettings = {
				ALWAYS_EMBED_SWIFT_STANDARD_LIBRARIES = YES;
				BUNDLE_LOADER = "$(TEST_HOST)";
				CODE_SIGN_STYLE = Automatic;
				DEVELOPMENT_TEAM = TML83P7F4U;
				INFOPLIST_FILE = LayoutAndGeometryTests/Info.plist;
				IPHONEOS_DEPLOYMENT_TARGET = 13.2;
				LD_RUNPATH_SEARCH_PATHS = (
					"$(inherited)",
					"@executable_path/Frameworks",
					"@loader_path/Frameworks",
				);
				PRODUCT_BUNDLE_IDENTIFIER = com.zachfrew.LayoutAndGeometryTests;
				PRODUCT_NAME = "$(TARGET_NAME)";
				SWIFT_VERSION = 5.0;
				TARGETED_DEVICE_FAMILY = "1,2";
				TEST_HOST = "$(BUILT_PRODUCTS_DIR)/LayoutAndGeometry.app/LayoutAndGeometry";
			};
			name = Release;
		};
/* End XCBuildConfiguration section */

/* Begin XCConfigurationList section */
		576AD9FF23B1B6350036FB21 /* Build configuration list for PBXProject "LayoutAndGeometry" */ = {
			isa = XCConfigurationList;
			buildConfigurations = (
				576ADA2123B1B6390036FB21 /* Debug */,
				576ADA2223B1B6390036FB21 /* Release */,
			);
			defaultConfigurationIsVisible = 0;
			defaultConfigurationName = Release;
		};
		576ADA2323B1B6390036FB21 /* Build configuration list for PBXNativeTarget "LayoutAndGeometry" */ = {
			isa = XCConfigurationList;
			buildConfigurations = (
				576ADA2423B1B6390036FB21 /* Debug */,
				576ADA2523B1B6390036FB21 /* Release */,
			);
			defaultConfigurationIsVisible = 0;
			defaultConfigurationName = Release;
		};
		576ADA2623B1B6390036FB21 /* Build configuration list for PBXNativeTarget "LayoutAndGeometryTests" */ = {
			isa = XCConfigurationList;
			buildConfigurations = (
				576ADA2723B1B6390036FB21 /* Debug */,
				576ADA2823B1B6390036FB21 /* Release */,
			);
			defaultConfigurationIsVisible = 0;
			defaultConfigurationName = Release;
		};
/* End XCConfigurationList section */
	};
	rootObject = 576AD9FC23B1B6350036FB21 /* Project object */;
}
