// !$*UTF8*$!
{
	archiveVersion = 1;
	classes = {
	};
	objectVersion = 50;
	objects = {

/* Begin PBXBuildFile section */
		570B4F582378EA88000FCA90 /* AppDelegate.swift in Sources */ = {isa = PBXBuildFile; fileRef = 570B4F572378EA88000FCA90 /* AppDelegate.swift */; };
		570B4F5A2378EA88000FCA90 /* SceneDelegate.swift in Sources */ = {isa = PBXBuildFile; fileRef = 570B4F592378EA88000FCA90 /* SceneDelegate.swift */; };
		570B4F5C2378EA88000FCA90 /* ContentView.swift in Sources */ = {isa = PBXBuildFile; fileRef = 570B4F5B2378EA88000FCA90 /* ContentView.swift */; };
		570B4F5E2378EA89000FCA90 /* Assets.xcassets in Resources */ = {isa = PBXBuildFile; fileRef = 570B4F5D2378EA89000FCA90 /* Assets.xcassets */; };
		570B4F612378EA89000FCA90 /* Preview Assets.xcassets in Resources */ = {isa = PBXBuildFile; fileRef = 570B4F602378EA89000FCA90 /* Preview Assets.xcassets */; };
		570B4F642378EA89000FCA90 /* LaunchScreen.storyboard in Resources */ = {isa = PBXBuildFile; fileRef = 570B4F622378EA89000FCA90 /* LaunchScreen.storyboard */; };
		577EC8A5237A4664006CBEC3 /* TutorialCode.swift in Sources */ = {isa = PBXBuildFile; fileRef = 577EC8A4237A4664006CBEC3 /* TutorialCode.swift */; };
		57BD3F39237A475D00C9BEA8 /* Order.swift in Sources */ = {isa = PBXBuildFile; fileRef = 57BD3F38237A475D00C9BEA8 /* Order.swift */; };
		57BD3F3B237A485700C9BEA8 /* AddressView.swift in Sources */ = {isa = PBXBuildFile; fileRef = 57BD3F3A237A485700C9BEA8 /* AddressView.swift */; };
		57BD3F3D237A48B100C9BEA8 /* CheckoutView.swift in Sources */ = {isa = PBXBuildFile; fileRef = 57BD3F3C237A48B100C9BEA8 /* CheckoutView.swift */; };
		57E75D4C237BA089009F3256 /* OrderContainer.swift in Sources */ = {isa = PBXBuildFile; fileRef = 57E75D4B237BA089009F3256 /* OrderContainer.swift */; };
/* End PBXBuildFile section */

/* Begin PBXFileReference section */
		570B4F542378EA88000FCA90 /* CupcakeCorner.app */ = {isa = PBXFileReference; explicitFileType = wrapper.application; includeInIndex = 0; path = CupcakeCorner.app; sourceTree = BUILT_PRODUCTS_DIR; };
		570B4F572378EA88000FCA90 /* AppDelegate.swift */ = {isa = PBXFileReference; lastKnownFileType = sourcecode.swift; path = AppDelegate.swift; sourceTree = "<group>"; };
		570B4F592378EA88000FCA90 /* SceneDelegate.swift */ = {isa = PBXFileReference; lastKnownFileType = sourcecode.swift; path = SceneDelegate.swift; sourceTree = "<group>"; };
		570B4F5B2378EA88000FCA90 /* ContentView.swift */ = {isa = PBXFileReference; lastKnownFileType = sourcecode.swift; path = ContentView.swift; sourceTree = "<group>"; };
		570B4F5D2378EA89000FCA90 /* Assets.xcassets */ = {isa = PBXFileReference; lastKnownFileType = folder.assetcatalog; path = Assets.xcassets; sourceTree = "<group>"; };
		570B4F602378EA89000FCA90 /* Preview Assets.xcassets */ = {isa = PBXFileReference; lastKnownFileType = folder.assetcatalog; path = "Preview Assets.xcassets"; sourceTree = "<group>"; };
		570B4F632378EA89000FCA90 /* Base */ = {isa = PBXFileReference; lastKnownFileType = file.storyboard; name = Base; path = Base.lproj/LaunchScreen.storyboard; sourceTree = "<group>"; };
		570B4F652378EA89000FCA90 /* Info.plist */ = {isa = PBXFileReference; lastKnownFileType = text.plist.xml; path = Info.plist; sourceTree = "<group>"; };
		577EC8A4237A4664006CBEC3 /* TutorialCode.swift */ = {isa = PBXFileReference; lastKnownFileType = sourcecode.swift; path = TutorialCode.swift; sourceTree = "<group>"; };
		57BD3F38237A475D00C9BEA8 /* Order.swift */ = {isa = PBXFileReference; lastKnownFileType = sourcecode.swift; path = Order.swift; sourceTree = "<group>"; };
		57BD3F3A237A485700C9BEA8 /* AddressView.swift */ = {isa = PBXFileReference; lastKnownFileType = sourcecode.swift; path = AddressView.swift; sourceTree = "<group>"; };
		57BD3F3C237A48B100C9BEA8 /* CheckoutView.swift */ = {isa = PBXFileReference; lastKnownFileType = sourcecode.swift; path = CheckoutView.swift; sourceTree = "<group>"; };
		57E75D4B237BA089009F3256 /* OrderContainer.swift */ = {isa = PBXFileReference; lastKnownFileType = sourcecode.swift; path = OrderContainer.swift; sourceTree = "<group>"; };
/* End PBXFileReference section */

/* Begin PBXFrameworksBuildPhase section */
		570B4F512378EA88000FCA90 /* Frameworks */ = {
			isa = PBXFrameworksBuildPhase;
			buildActionMask = 2147483647;
			files = (
			);
			runOnlyForDeploymentPostprocessing = 0;
		};
/* End PBXFrameworksBuildPhase section */

/* Begin PBXGroup section */
		570B4F4B2378EA88000FCA90 = {
			isa = PBXGroup;
			children = (
				570B4F562378EA88000FCA90 /* CupcakeCorner */,
				570B4F552378EA88000FCA90 /* Products */,
			);
			sourceTree = "<group>";
		};
		570B4F552378EA88000FCA90 /* Products */ = {
			isa = PBXGroup;
			children = (
				570B4F542378EA88000FCA90 /* CupcakeCorner.app */,
			);
			name = Products;
			sourceTree = "<group>";
		};
		570B4F562378EA88000FCA90 /* CupcakeCorner */ = {
			isa = PBXGroup;
			children = (
				577EC8A4237A4664006CBEC3 /* TutorialCode.swift */,
				57E75D4B237BA089009F3256 /* OrderContainer.swift */,
				57BD3F38237A475D00C9BEA8 /* Order.swift */,
				57BD3F3A237A485700C9BEA8 /* AddressView.swift */,
				57BD3F3C237A48B100C9BEA8 /* CheckoutView.swift */,
				570B4F572378EA88000FCA90 /* AppDelegate.swift */,
				570B4F592378EA88000FCA90 /* SceneDelegate.swift */,
				570B4F5B2378EA88000FCA90 /* ContentView.swift */,
				570B4F5D2378EA89000FCA90 /* Assets.xcassets */,
				570B4F622378EA89000FCA90 /* LaunchScreen.storyboard */,
				570B4F652378EA89000FCA90 /* Info.plist */,
				570B4F5F2378EA89000FCA90 /* Preview Content */,
			);
			path = CupcakeCorner;
			sourceTree = "<group>";
		};
		570B4F5F2378EA89000FCA90 /* Preview Content */ = {
			isa = PBXGroup;
			children = (
				570B4F602378EA89000FCA90 /* Preview Assets.xcassets */,
			);
			path = "Preview Content";
			sourceTree = "<group>";
		};
/* End PBXGroup section */

/* Begin PBXNativeTarget section */
		570B4F532378EA88000FCA90 /* CupcakeCorner */ = {
			isa = PBXNativeTarget;
			buildConfigurationList = 570B4F682378EA89000FCA90 /* Build configuration list for PBXNativeTarget "CupcakeCorner" */;
			buildPhases = (
				570B4F502378EA88000FCA90 /* Sources */,
				570B4F512378EA88000FCA90 /* Frameworks */,
				570B4F522378EA88000FCA90 /* Resources */,
			);
			buildRules = (
			);
			dependencies = (
			);
			name = CupcakeCorner;
			productName = CupcakeCorner;
			productReference = 570B4F542378EA88000FCA90 /* CupcakeCorner.app */;
			productType = "com.apple.product-type.application";
		};
/* End PBXNativeTarget section */

/* Begin PBXProject section */
		570B4F4C2378EA88000FCA90 /* Project object */ = {
			isa = PBXProject;
			attributes = {
				LastSwiftUpdateCheck = 1110;
				LastUpgradeCheck = 1110;
				ORGANIZATIONNAME = "Zach Frew";
				TargetAttributes = {
					570B4F532378EA88000FCA90 = {
						CreatedOnToolsVersion = 11.1;
					};
				};
			};
			buildConfigurationList = 570B4F4F2378EA88000FCA90 /* Build configuration list for PBXProject "CupcakeCorner" */;
			compatibilityVersion = "Xcode 9.3";
			developmentRegion = en;
			hasScannedForEncodings = 0;
			knownRegions = (
				en,
				Base,
			);
			mainGroup = 570B4F4B2378EA88000FCA90;
			productRefGroup = 570B4F552378EA88000FCA90 /* Products */;
			projectDirPath = "";
			projectRoot = "";
			targets = (
				570B4F532378EA88000FCA90 /* CupcakeCorner */,
			);
		};
/* End PBXProject section */

/* Begin PBXResourcesBuildPhase section */
		570B4F522378EA88000FCA90 /* Resources */ = {
			isa = PBXResourcesBuildPhase;
			buildActionMask = 2147483647;
			files = (
				570B4F642378EA89000FCA90 /* LaunchScreen.storyboard in Resources */,
				570B4F612378EA89000FCA90 /* Preview Assets.xcassets in Resources */,
				570B4F5E2378EA89000FCA90 /* Assets.xcassets in Resources */,
			);
			runOnlyForDeploymentPostprocessing = 0;
		};
/* End PBXResourcesBuildPhase section */

/* Begin PBXSourcesBuildPhase section */
		570B4F502378EA88000FCA90 /* Sources */ = {
			isa = PBXSourcesBuildPhase;
			buildActionMask = 2147483647;
			files = (
				577EC8A5237A4664006CBEC3 /* TutorialCode.swift in Sources */,
				570B4F582378EA88000FCA90 /* AppDelegate.swift in Sources */,
				57BD3F39237A475D00C9BEA8 /* Order.swift in Sources */,
				57BD3F3D237A48B100C9BEA8 /* CheckoutView.swift in Sources */,
				570B4F5A2378EA88000FCA90 /* SceneDelegate.swift in Sources */,
				570B4F5C2378EA88000FCA90 /* ContentView.swift in Sources */,
				57E75D4C237BA089009F3256 /* OrderContainer.swift in Sources */,
				57BD3F3B237A485700C9BEA8 /* AddressView.swift in Sources */,
			);
			runOnlyForDeploymentPostprocessing = 0;
		};
/* End PBXSourcesBuildPhase section */

/* Begin PBXVariantGroup section */
		570B4F622378EA89000FCA90 /* LaunchScreen.storyboard */ = {
			isa = PBXVariantGroup;
			children = (
				570B4F632378EA89000FCA90 /* Base */,
			);
			name = LaunchScreen.storyboard;
			sourceTree = "<group>";
		};
/* End PBXVariantGroup section */

/* Begin XCBuildConfiguration section */
		570B4F662378EA89000FCA90 /* Debug */ = {
			isa = XCBuildConfiguration;
			buildSettings = {
				ALWAYS_SEARCH_USER_PATHS = NO;
				CLANG_ANALYZER_NONNULL = YES;
				CLANG_ANALYZER_NUMBER_OBJECT_CONVERSION = YES_AGGRESSIVE;
				CLANG_CXX_LANGUAGE_STANDARD = "gnu++14";
				CLANG_CXX_LIBRARY = "libc++";
				CLANG_ENABLE_MODULES = YES;
				CLANG_ENABLE_OBJC_ARC = YES;
				CLANG_ENABLE_OBJC_WEAK = YES;
				CLANG_WARN_BLOCK_CAPTURE_AUTORELEASING = YES;
				CLANG_WARN_BOOL_CONVERSION = YES;
				CLANG_WARN_COMMA = YES;
				CLANG_WARN_CONSTANT_CONVERSION = YES;
				CLANG_WARN_DEPRECATED_OBJC_IMPLEMENTATIONS = YES;
				CLANG_WARN_DIRECT_OBJC_ISA_USAGE = YES_ERROR;
				CLANG_WARN_DOCUMENTATION_COMMENTS = YES;
				CLANG_WARN_EMPTY_BODY = YES;
				CLANG_WARN_ENUM_CONVERSION = YES;
				CLANG_WARN_INFINITE_RECURSION = YES;
				CLANG_WARN_INT_CONVERSION = YES;
				CLANG_WARN_NON_LITERAL_NULL_CONVERSION = YES;
				CLANG_WARN_OBJC_IMPLICIT_RETAIN_SELF = YES;
				CLANG_WARN_OBJC_LITERAL_CONVERSION = YES;
				CLANG_WARN_OBJC_ROOT_CLASS = YES_ERROR;
				CLANG_WARN_RANGE_LOOP_ANALYSIS = YES;
				CLANG_WARN_STRICT_PROTOTYPES = YES;
				CLANG_WARN_SUSPICIOUS_MOVE = YES;
				CLANG_WARN_UNGUARDED_AVAILABILITY = YES_AGGRESSIVE;
				CLANG_WARN_UNREACHABLE_CODE = YES;
				CLANG_WARN__DUPLICATE_METHOD_MATCH = YES;
				COPY_PHASE_STRIP = NO;
				DEBUG_INFORMATION_FORMAT = dwarf;
				ENABLE_STRICT_OBJC_MSGSEND = YES;
				ENABLE_TESTABILITY = YES;
				GCC_C_LANGUAGE_STANDARD = gnu11;
				GCC_DYNAMIC_NO_PIC = NO;
				GCC_NO_COMMON_BLOCKS = YES;
				GCC_OPTIMIZATION_LEVEL = 0;
				GCC_PREPROCESSOR_DEFINITIONS = (
					"DEBUG=1",
					"$(inherited)",
				);
				GCC_WARN_64_TO_32_BIT_CONVERSION = YES;
				GCC_WARN_ABOUT_RETURN_TYPE = YES_ERROR;
				GCC_WARN_UNDECLARED_SELECTOR = YES;
				GCC_WARN_UNINITIALIZED_AUTOS = YES_AGGRESSIVE;
				GCC_WARN_UNUSED_FUNCTION = YES;
				GCC_WARN_UNUSED_VARIABLE = YES;
				IPHONEOS_DEPLOYMENT_TARGET = 13.1;
				MTL_ENABLE_DEBUG_INFO = INCLUDE_SOURCE;
				MTL_FAST_MATH = YES;
				ONLY_ACTIVE_ARCH = YES;
				SDKROOT = iphoneos;
				SWIFT_ACTIVE_COMPILATION_CONDITIONS = DEBUG;
				SWIFT_OPTIMIZATION_LEVEL = "-Onone";
			};
			name = Debug;
		};
		570B4F672378EA89000FCA90 /* Release */ = {
			isa = XCBuildConfiguration;
			buildSettings = {
				ALWAYS_SEARCH_USER_PATHS = NO;
				CLANG_ANALYZER_NONNULL = YES;
				CLANG_ANALYZER_NUMBER_OBJECT_CONVERSION = YES_AGGRESSIVE;
				CLANG_CXX_LANGUAGE_STANDARD = "gnu++14";
				CLANG_CXX_LIBRARY = "libc++";
				CLANG_ENABLE_MODULES = YES;
				CLANG_ENABLE_OBJC_ARC = YES;
				CLANG_ENABLE_OBJC_WEAK = YES;
				CLANG_WARN_BLOCK_CAPTURE_AUTORELEASING = YES;
				CLANG_WARN_BOOL_CONVERSION = YES;
				CLANG_WARN_COMMA = YES;
				CLANG_WARN_CONSTANT_CONVERSION = YES;
				CLANG_WARN_DEPRECATED_OBJC_IMPLEMENTATIONS = YES;
				CLANG_WARN_DIRECT_OBJC_ISA_USAGE = YES_ERROR;
				CLANG_WARN_DOCUMENTATION_COMMENTS = YES;
				CLANG_WARN_EMPTY_BODY = YES;
				CLANG_WARN_ENUM_CONVERSION = YES;
				CLANG_WARN_INFINITE_RECURSION = YES;
				CLANG_WARN_INT_CONVERSION = YES;
				CLANG_WARN_NON_LITERAL_NULL_CONVERSION = YES;
				CLANG_WARN_OBJC_IMPLICIT_RETAIN_SELF = YES;
				CLANG_WARN_OBJC_LITERAL_CONVERSION = YES;
				CLANG_WARN_OBJC_ROOT_CLASS = YES_ERROR;
				CLANG_WARN_RANGE_LOOP_ANALYSIS = YES;
				CLANG_WARN_STRICT_PROTOTYPES = YES;
				CLANG_WARN_SUSPICIOUS_MOVE = YES;
				CLANG_WARN_UNGUARDED_AVAILABILITY = YES_AGGRESSIVE;
				CLANG_WARN_UNREACHABLE_CODE = YES;
				CLANG_WARN__DUPLICATE_METHOD_MATCH = YES;
				COPY_PHASE_STRIP = NO;
				DEBUG_INFORMATION_FORMAT = "dwarf-with-dsym";
				ENABLE_NS_ASSERTIONS = NO;
				ENABLE_STRICT_OBJC_MSGSEND = YES;
				GCC_C_LANGUAGE_STANDARD = gnu11;
				GCC_NO_COMMON_BLOCKS = YES;
				GCC_WARN_64_TO_32_BIT_CONVERSION = YES;
				GCC_WARN_ABOUT_RETURN_TYPE = YES_ERROR;
				GCC_WARN_UNDECLARED_SELECTOR = YES;
				GCC_WARN_UNINITIALIZED_AUTOS = YES_AGGRESSIVE;
				GCC_WARN_UNUSED_FUNCTION = YES;
				GCC_WARN_UNUSED_VARIABLE = YES;
				IPHONEOS_DEPLOYMENT_TARGET = 13.1;
				MTL_ENABLE_DEBUG_INFO = NO;
				MTL_FAST_MATH = YES;
				SDKROOT = iphoneos;
				SWIFT_COMPILATION_MODE = wholemodule;
				SWIFT_OPTIMIZATION_LEVEL = "-O";
				VALIDATE_PRODUCT = YES;
			};
			name = Release;
		};
		570B4F692378EA89000FCA90 /* Debug */ = {
			isa = XCBuildConfiguration;
			buildSettings = {
				ASSETCATALOG_COMPILER_APPICON_NAME = AppIcon;
				CODE_SIGN_STYLE = Automatic;
				DEVELOPMENT_ASSET_PATHS = "\"CupcakeCorner/Preview Content\"";
				DEVELOPMENT_TEAM = TML83P7F4U;
				ENABLE_PREVIEWS = YES;
				INFOPLIST_FILE = CupcakeCorner/Info.plist;
				LD_RUNPATH_SEARCH_PATHS = (
					"$(inherited)",
					"@executable_path/Frameworks",
				);
				PRODUCT_BUNDLE_IDENTIFIER = com.zachfrew.CupcakeCorner;
				PRODUCT_NAME = "$(TARGET_NAME)";
				SWIFT_VERSION = 5.0;
				TARGETED_DEVICE_FAMILY = "1,2";
			};
			name = Debug;
		};
		570B4F6A2378EA89000FCA90 /* Release */ = {
			isa = XCBuildConfiguration;
			buildSettings = {
				ASSETCATALOG_COMPILER_APPICON_NAME = AppIcon;
				CODE_SIGN_STYLE = Automatic;
				DEVELOPMENT_ASSET_PATHS = "\"CupcakeCorner/Preview Content\"";
				DEVELOPMENT_TEAM = TML83P7F4U;
				ENABLE_PREVIEWS = YES;
				INFOPLIST_FILE = CupcakeCorner/Info.plist;
				LD_RUNPATH_SEARCH_PATHS = (
					"$(inherited)",
					"@executable_path/Frameworks",
				);
				PRODUCT_BUNDLE_IDENTIFIER = com.zachfrew.CupcakeCorner;
				PRODUCT_NAME = "$(TARGET_NAME)";
				SWIFT_VERSION = 5.0;
				TARGETED_DEVICE_FAMILY = "1,2";
			};
			name = Release;
		};
/* End XCBuildConfiguration section */

/* Begin XCConfigurationList section */
		570B4F4F2378EA88000FCA90 /* Build configuration list for PBXProject "CupcakeCorner" */ = {
			isa = XCConfigurationList;
			buildConfigurations = (
				570B4F662378EA89000FCA90 /* Debug */,
				570B4F672378EA89000FCA90 /* Release */,
			);
			defaultConfigurationIsVisible = 0;
			defaultConfigurationName = Release;
		};
		570B4F682378EA89000FCA90 /* Build configuration list for PBXNativeTarget "CupcakeCorner" */ = {
			isa = XCConfigurationList;
			buildConfigurations = (
				570B4F692378EA89000FCA90 /* Debug */,
				570B4F6A2378EA89000FCA90 /* Release */,
			);
			defaultConfigurationIsVisible = 0;
			defaultConfigurationName = Release;
		};
/* End XCConfigurationList section */
	};
	rootObject = 570B4F4C2378EA88000FCA90 /* Project object */;
}
